
Microsoft Visual Studio Solution File, Format Version 12.00
# Visual Studio Version 17
VisualStudioVersion = 17.3.32922.545
MinimumVisualStudioVersion = 10.0.40219.1
Project("{FAE04EC0-301F-11D3-BF4B-00C04F79EFBC}") = "WebApiBackgroundTImer.cs", "WebApiBackgroundTImer.cs\WebApiBackgroundTImer.cs.csproj", "{BF163254-66B6-41E2-BCD6-B6E52DCCD8A9}"
EndProject
Global
	GlobalSection(SolutionConfigurationPlatforms) = preSolution
		Debug|Any CPU = Debug|Any CPU
		Release|Any CPU = Release|Any CPU
	EndGlobalSection
	GlobalSection(ProjectConfigurationPlatforms) = postSolution
		{BF163254-66B6-41E2-BCD6-B6E52DCCD8A9}.Debug|Any CPU.ActiveCfg = Debug|Any CPU
		{BF163254-66B6-41E2-BCD6-B6E52DCCD8A9}.Debug|Any CPU.Build.0 = Debug|Any CPU
		{BF163254-66B6-41E2-BCD6-B6E52DCCD8A9}.Release|Any CPU.ActiveCfg = Release|Any CPU
		{BF163254-66B6-41E2-BCD6-B6E52DCCD8A9}.Release|Any CPU.Build.0 = Release|Any CPU
	EndGlobalSection
	GlobalSection(SolutionProperties) = preSolution
		HideSolutionNode = FALSE
	EndGlobalSection
	GlobalSection(ExtensibilityGlobals) = postSolution
		SolutionGuid = {7E523431-A1D8-4FE4-A78E-785A3B30A9CB}
	EndGlobalSection
EndGlobal
